
Microsoft Visual Studio Solution File, Format Version 12.00
# Visual Studio Version 17
VisualStudioVersion = 17.5.33530.505
MinimumVisualStudioVersion = 10.0.40219.1
Project("{2150E333-8FDC-42A3-9474-1A3956D46DE8}") = "Services", "Services", "{EBFADE66-5F3E-48FF-8468-33D43A1D6982}"
EndProject
Project("{2150E333-8FDC-42A3-9474-1A3956D46DE8}") = "Catalog", "Catalog", "{5A659BB7-D0F0-4033-853A-1FF9F4156603}"
EndProject
Project("{9A19103F-16F7-4668-BE54-9A1E7A4F7556}") = "Catalog.API", "Services\Catalog\Catalog.API\Catalog.API.csproj", "{A88FCE50-4FB5-435C-93DD-759ED89DB161}"
EndProject
Project("{E53339B2-1760-4266-BCC7-CA923CBCF16C}") = "docker-compose", "docker-compose.dcproj", "{9D88270C-63D4-478C-A78C-1D4818F5A8AA}"
EndProject
Project("{2150E333-8FDC-42A3-9474-1A3956D46DE8}") = "Basket", "Basket", "{71244371-BA8E-43B5-9414-B6D9B0BDB8C2}"
EndProject
Project("{9A19103F-16F7-4668-BE54-9A1E7A4F7556}") = "Basket.API", "Services\Basket\Basket.API\Basket.API.csproj", "{5ADF264F-C468-4051-84BF-D9F1046028DC}"
EndProject
Project("{2150E333-8FDC-42A3-9474-1A3956D46DE8}") = "Discount", "Discount", "{1AB85BBF-C942-4DBE-958D-54925A2B70C1}"
EndProject
Project("{9A19103F-16F7-4668-BE54-9A1E7A4F7556}") = "Discount.API", "Services\Discount\Discount.API\Discount.API.csproj", "{3A8AA4A3-9CCD-4602-906F-F02B8702375F}"
EndProject
Project("{FAE04EC0-301F-11D3-BF4B-00C04F79EFBC}") = "Discount.Grpc", "Services\Discount\Discount.Grpc\Discount.Grpc.csproj", "{893A4A5F-D7B6-4A70-9B6A-5CB2960CD37F}"
EndProject
Global
	GlobalSection(SolutionConfigurationPlatforms) = preSolution
		Debug|Any CPU = Debug|Any CPU
		Release|Any CPU = Release|Any CPU
	EndGlobalSection
	GlobalSection(ProjectConfigurationPlatforms) = postSolution
		{A88FCE50-4FB5-435C-93DD-759ED89DB161}.Debug|Any CPU.ActiveCfg = Debug|Any CPU
		{A88FCE50-4FB5-435C-93DD-759ED89DB161}.Debug|Any CPU.Build.0 = Debug|Any CPU
		{A88FCE50-4FB5-435C-93DD-759ED89DB161}.Release|Any CPU.ActiveCfg = Release|Any CPU
		{A88FCE50-4FB5-435C-93DD-759ED89DB161}.Release|Any CPU.Build.0 = Release|Any CPU
		{9D88270C-63D4-478C-A78C-1D4818F5A8AA}.Debug|Any CPU.ActiveCfg = Debug|Any CPU
		{9D88270C-63D4-478C-A78C-1D4818F5A8AA}.Debug|Any CPU.Build.0 = Debug|Any CPU
		{9D88270C-63D4-478C-A78C-1D4818F5A8AA}.Release|Any CPU.ActiveCfg = Release|Any CPU
		{9D88270C-63D4-478C-A78C-1D4818F5A8AA}.Release|Any CPU.Build.0 = Release|Any CPU
		{5ADF264F-C468-4051-84BF-D9F1046028DC}.Debug|Any CPU.ActiveCfg = Debug|Any CPU
		{5ADF264F-C468-4051-84BF-D9F1046028DC}.Debug|Any CPU.Build.0 = Debug|Any CPU
		{5ADF264F-C468-4051-84BF-D9F1046028DC}.Release|Any CPU.ActiveCfg = Release|Any CPU
		{5ADF264F-C468-4051-84BF-D9F1046028DC}.Release|Any CPU.Build.0 = Release|Any CPU
		{3A8AA4A3-9CCD-4602-906F-F02B8702375F}.Debug|Any CPU.ActiveCfg = Debug|Any CPU
		{3A8AA4A3-9CCD-4602-906F-F02B8702375F}.Debug|Any CPU.Build.0 = Debug|Any CPU
		{3A8AA4A3-9CCD-4602-906F-F02B8702375F}.Release|Any CPU.ActiveCfg = Release|Any CPU
		{3A8AA4A3-9CCD-4602-906F-F02B8702375F}.Release|Any CPU.Build.0 = Release|Any CPU
		{893A4A5F-D7B6-4A70-9B6A-5CB2960CD37F}.Debug|Any CPU.ActiveCfg = Debug|Any CPU
		{893A4A5F-D7B6-4A70-9B6A-5CB2960CD37F}.Debug|Any CPU.Build.0 = Debug|Any CPU
		{893A4A5F-D7B6-4A70-9B6A-5CB2960CD37F}.Release|Any CPU.ActiveCfg = Release|Any CPU
		{893A4A5F-D7B6-4A70-9B6A-5CB2960CD37F}.Release|Any CPU.Build.0 = Release|Any CPU
	EndGlobalSection
	GlobalSection(SolutionProperties) = preSolution
		HideSolutionNode = FALSE
	EndGlobalSection
	GlobalSection(NestedProjects) = preSolution
		{5A659BB7-D0F0-4033-853A-1FF9F4156603} = {EBFADE66-5F3E-48FF-8468-33D43A1D6982}
		{A88FCE50-4FB5-435C-93DD-759ED89DB161} = {5A659BB7-D0F0-4033-853A-1FF9F4156603}
		{71244371-BA8E-43B5-9414-B6D9B0BDB8C2} = {EBFADE66-5F3E-48FF-8468-33D43A1D6982}
		{5ADF264F-C468-4051-84BF-D9F1046028DC} = {71244371-BA8E-43B5-9414-B6D9B0BDB8C2}
		{1AB85BBF-C942-4DBE-958D-54925A2B70C1} = {EBFADE66-5F3E-48FF-8468-33D43A1D6982}
		{3A8AA4A3-9CCD-4602-906F-F02B8702375F} = {1AB85BBF-C942-4DBE-958D-54925A2B70C1}
		{893A4A5F-D7B6-4A70-9B6A-5CB2960CD37F} = {1AB85BBF-C942-4DBE-958D-54925A2B70C1}
	EndGlobalSection
	GlobalSection(ExtensibilityGlobals) = postSolution
		SolutionGuid = {29DC9ED7-BFFC-4817-B4BB-4E4366489C67}
	EndGlobalSection
EndGlobal
